// !$*UTF8*$!
{
	archiveVersion = 1;
	classes = {
	};
	objectVersion = 55;
	objects = {

/* Begin PBXBuildFile section */
		2B1E0794272F136900DA317B /* SuffixViewModel.swift in Sources */ = {isa = PBXBuildFile; fileRef = 2B1E0793272F136900DA317B /* SuffixViewModel.swift */; };
		2B1E0799272F191E00DA317B /* SuffixesView.swift in Sources */ = {isa = PBXBuildFile; fileRef = 2B1E0798272F191E00DA317B /* SuffixesView.swift */; };
		2B1E079B272F1DAB00DA317B /* TriadsView.swift in Sources */ = {isa = PBXBuildFile; fileRef = 2B1E079A272F1DAB00DA317B /* TriadsView.swift */; };
		2B1E079E272F2C8900DA317B /* SuffixArray.swift in Sources */ = {isa = PBXBuildFile; fileRef = 2B1E079D272F2C8900DA317B /* SuffixArray.swift */; };
		2B41AF762744231400490A02 /* DI in Frameworks */ = {isa = PBXBuildFile; productRef = 2B41AF752744231400490A02 /* DI */; };
		2B41AF782744236D00490A02 /* TextParser.swift in Sources */ = {isa = PBXBuildFile; fileRef = 2B41AF772744236D00490A02 /* TextParser.swift */; };
		2B41AF7B274425E300490A02 /* OrderedCollections in Frameworks */ = {isa = PBXBuildFile; productRef = 2B41AF7A274425E300490A02 /* OrderedCollections */; };
		2B73B223272F973D00E1CEA3 /* WordCache.swift in Sources */ = {isa = PBXBuildFile; fileRef = 2B73B222272F973D00E1CEA3 /* WordCache.swift */; };
		2B73B225272F99AD00E1CEA3 /* HistoryViewModel.swift in Sources */ = {isa = PBXBuildFile; fileRef = 2B73B224272F99AD00E1CEA3 /* HistoryViewModel.swift */; };
		2B73B228272F9A5B00E1CEA3 /* HistoryView.swift in Sources */ = {isa = PBXBuildFile; fileRef = 2B73B227272F9A5B00E1CEA3 /* HistoryView.swift */; };
		2B73B22A272F9B6300E1CEA3 /* RootView.swift in Sources */ = {isa = PBXBuildFile; fileRef = 2B73B229272F9B6300E1CEA3 /* RootView.swift */; };
		2B73B22D272FA51F00E1CEA3 /* DeepLinks.swift in Sources */ = {isa = PBXBuildFile; fileRef = 2B73B22C272FA51F00E1CEA3 /* DeepLinks.swift */; };
		2B73B22E272FA53B00E1CEA3 /* DeepLinks.swift in Sources */ = {isa = PBXBuildFile; fileRef = 2B73B22C272FA51F00E1CEA3 /* DeepLinks.swift */; };
		2BA03C8B272DAB070057BD79 /* TextInputView.swift in Sources */ = {isa = PBXBuildFile; fileRef = 2BA03C8A272DAB070057BD79 /* TextInputView.swift */; };
		2BA03C8D272DAC260057BD79 /* ViewBuilder.swift in Sources */ = {isa = PBXBuildFile; fileRef = 2BA03C8C272DAC260057BD79 /* ViewBuilder.swift */; };
		2BA03C8F272DAC8F0057BD79 /* DetailView.swift in Sources */ = {isa = PBXBuildFile; fileRef = 2BA03C8E272DAC8F0057BD79 /* DetailView.swift */; };
		2BA03C91272DB5100057BD79 /* NavigationLazyView.swift in Sources */ = {isa = PBXBuildFile; fileRef = 2BA03C90272DB5100057BD79 /* NavigationLazyView.swift */; };
		2BA03C93272DBC2A0057BD79 /* SegmentedView.swift in Sources */ = {isa = PBXBuildFile; fileRef = 2BA03C92272DBC2A0057BD79 /* SegmentedView.swift */; };
		D6E1B3982729A80A00A6F2D7 /* OTUS_Homework_5App.swift in Sources */ = {isa = PBXBuildFile; fileRef = D6E1B3972729A80A00A6F2D7 /* OTUS_Homework_5App.swift */; };
		D6E1B39C2729A80C00A6F2D7 /* Assets.xcassets in Resources */ = {isa = PBXBuildFile; fileRef = D6E1B39B2729A80C00A6F2D7 /* Assets.xcassets */; };
		D6E1B39F2729A80C00A6F2D7 /* Preview Assets.xcassets in Resources */ = {isa = PBXBuildFile; fileRef = D6E1B39E2729A80C00A6F2D7 /* Preview Assets.xcassets */; };
		D6E1B3AC2729BCD400A6F2D7 /* WidgetKit.framework in Frameworks */ = {isa = PBXBuildFile; fileRef = D6E1B3AB2729BCD400A6F2D7 /* WidgetKit.framework */; };
		D6E1B3AE2729BCD400A6F2D7 /* SwiftUI.framework in Frameworks */ = {isa = PBXBuildFile; fileRef = D6E1B3AD2729BCD400A6F2D7 /* SwiftUI.framework */; };
		D6E1B3B12729BCD400A6F2D7 /* MyWidget.swift in Sources */ = {isa = PBXBuildFile; fileRef = D6E1B3B02729BCD400A6F2D7 /* MyWidget.swift */; };
		D6E1B3B32729BCD600A6F2D7 /* Assets.xcassets in Resources */ = {isa = PBXBuildFile; fileRef = D6E1B3B22729BCD600A6F2D7 /* Assets.xcassets */; };
		D6E1B3B72729BCD600A6F2D7 /* MyWidgetExtension.appex in Embed App Extensions */ = {isa = PBXBuildFile; fileRef = D6E1B3A92729BCD400A6F2D7 /* MyWidgetExtension.appex */; settings = {ATTRIBUTES = (RemoveHeadersOnCopy, ); }; };
/* End PBXBuildFile section */

/* Begin PBXContainerItemProxy section */
		D6E1B3B52729BCD600A6F2D7 /* PBXContainerItemProxy */ = {
			isa = PBXContainerItemProxy;
			containerPortal = D6E1B38C2729A80900A6F2D7 /* Project object */;
			proxyType = 1;
			remoteGlobalIDString = D6E1B3A82729BCD400A6F2D7;
			remoteInfo = MyWidgetExtension;
		};
/* End PBXContainerItemProxy section */

/* Begin PBXCopyFilesBuildPhase section */
		D6E1B3B82729BCD600A6F2D7 /* Embed App Extensions */ = {
			isa = PBXCopyFilesBuildPhase;
			buildActionMask = 2147483647;
			dstPath = "";
			dstSubfolderSpec = 13;
			files = (
				D6E1B3B72729BCD600A6F2D7 /* MyWidgetExtension.appex in Embed App Extensions */,
			);
			name = "Embed App Extensions";
			runOnlyForDeploymentPostprocessing = 0;
		};
/* End PBXCopyFilesBuildPhase section */

/* Begin PBXFileReference section */
		2B1E0793272F136900DA317B /* SuffixViewModel.swift */ = {isa = PBXFileReference; lastKnownFileType = sourcecode.swift; path = SuffixViewModel.swift; sourceTree = "<group>"; };
		2B1E0798272F191E00DA317B /* SuffixesView.swift */ = {isa = PBXFileReference; lastKnownFileType = sourcecode.swift; path = SuffixesView.swift; sourceTree = "<group>"; };
		2B1E079A272F1DAB00DA317B /* TriadsView.swift */ = {isa = PBXFileReference; lastKnownFileType = sourcecode.swift; path = TriadsView.swift; sourceTree = "<group>"; };
		2B1E079D272F2C8900DA317B /* SuffixArray.swift */ = {isa = PBXFileReference; lastKnownFileType = sourcecode.swift; path = SuffixArray.swift; sourceTree = "<group>"; };
		2B41AF74274422F400490A02 /* DI */ = {isa = PBXFileReference; lastKnownFileType = folder; name = DI; path = Packages/DI; sourceTree = "<group>"; };
		2B41AF772744236D00490A02 /* TextParser.swift */ = {isa = PBXFileReference; lastKnownFileType = sourcecode.swift; path = TextParser.swift; sourceTree = "<group>"; };
		2B73B222272F973D00E1CEA3 /* WordCache.swift */ = {isa = PBXFileReference; lastKnownFileType = sourcecode.swift; path = WordCache.swift; sourceTree = "<group>"; };
		2B73B224272F99AD00E1CEA3 /* HistoryViewModel.swift */ = {isa = PBXFileReference; lastKnownFileType = sourcecode.swift; path = HistoryViewModel.swift; sourceTree = "<group>"; };
		2B73B227272F9A5B00E1CEA3 /* HistoryView.swift */ = {isa = PBXFileReference; lastKnownFileType = sourcecode.swift; path = HistoryView.swift; sourceTree = "<group>"; };
		2B73B229272F9B6300E1CEA3 /* RootView.swift */ = {isa = PBXFileReference; lastKnownFileType = sourcecode.swift; path = RootView.swift; sourceTree = "<group>"; };
		2B73B22C272FA51F00E1CEA3 /* DeepLinks.swift */ = {isa = PBXFileReference; lastKnownFileType = sourcecode.swift; path = DeepLinks.swift; sourceTree = "<group>"; };
		2BA03C8A272DAB070057BD79 /* TextInputView.swift */ = {isa = PBXFileReference; lastKnownFileType = sourcecode.swift; path = TextInputView.swift; sourceTree = "<group>"; };
		2BA03C8C272DAC260057BD79 /* ViewBuilder.swift */ = {isa = PBXFileReference; lastKnownFileType = sourcecode.swift; path = ViewBuilder.swift; sourceTree = "<group>"; };
		2BA03C8E272DAC8F0057BD79 /* DetailView.swift */ = {isa = PBXFileReference; lastKnownFileType = sourcecode.swift; path = DetailView.swift; sourceTree = "<group>"; };
		2BA03C90272DB5100057BD79 /* NavigationLazyView.swift */ = {isa = PBXFileReference; lastKnownFileType = sourcecode.swift; path = NavigationLazyView.swift; sourceTree = "<group>"; };
		2BA03C92272DBC2A0057BD79 /* SegmentedView.swift */ = {isa = PBXFileReference; lastKnownFileType = sourcecode.swift; path = SegmentedView.swift; sourceTree = "<group>"; };
		D6E1B3942729A80A00A6F2D7 /* OTUS_Homework_5.app */ = {isa = PBXFileReference; explicitFileType = wrapper.application; includeInIndex = 0; path = OTUS_Homework_5.app; sourceTree = BUILT_PRODUCTS_DIR; };
		D6E1B3972729A80A00A6F2D7 /* OTUS_Homework_5App.swift */ = {isa = PBXFileReference; lastKnownFileType = sourcecode.swift; path = OTUS_Homework_5App.swift; sourceTree = "<group>"; };
		D6E1B39B2729A80C00A6F2D7 /* Assets.xcassets */ = {isa = PBXFileReference; lastKnownFileType = folder.assetcatalog; path = Assets.xcassets; sourceTree = "<group>"; };
		D6E1B39E2729A80C00A6F2D7 /* Preview Assets.xcassets */ = {isa = PBXFileReference; lastKnownFileType = folder.assetcatalog; path = "Preview Assets.xcassets"; sourceTree = "<group>"; };
		D6E1B3A92729BCD400A6F2D7 /* MyWidgetExtension.appex */ = {isa = PBXFileReference; explicitFileType = "wrapper.app-extension"; includeInIndex = 0; path = MyWidgetExtension.appex; sourceTree = BUILT_PRODUCTS_DIR; };
		D6E1B3AB2729BCD400A6F2D7 /* WidgetKit.framework */ = {isa = PBXFileReference; lastKnownFileType = wrapper.framework; name = WidgetKit.framework; path = System/Library/Frameworks/WidgetKit.framework; sourceTree = SDKROOT; };
		D6E1B3AD2729BCD400A6F2D7 /* SwiftUI.framework */ = {isa = PBXFileReference; lastKnownFileType = wrapper.framework; name = SwiftUI.framework; path = System/Library/Frameworks/SwiftUI.framework; sourceTree = SDKROOT; };
		D6E1B3B02729BCD400A6F2D7 /* MyWidget.swift */ = {isa = PBXFileReference; lastKnownFileType = sourcecode.swift; path = MyWidget.swift; sourceTree = "<group>"; };
		D6E1B3B22729BCD600A6F2D7 /* Assets.xcassets */ = {isa = PBXFileReference; lastKnownFileType = folder.assetcatalog; path = Assets.xcassets; sourceTree = "<group>"; };
		D6E1B3B42729BCD600A6F2D7 /* Info.plist */ = {isa = PBXFileReference; lastKnownFileType = text.plist.xml; path = Info.plist; sourceTree = "<group>"; };
/* End PBXFileReference section */

/* Begin PBXFrameworksBuildPhase section */
		D6E1B3912729A80900A6F2D7 /* Frameworks */ = {
			isa = PBXFrameworksBuildPhase;
			buildActionMask = 2147483647;
			files = (
				2B41AF7B274425E300490A02 /* OrderedCollections in Frameworks */,
				2B41AF762744231400490A02 /* DI in Frameworks */,
			);
			runOnlyForDeploymentPostprocessing = 0;
		};
		D6E1B3A62729BCD400A6F2D7 /* Frameworks */ = {
			isa = PBXFrameworksBuildPhase;
			buildActionMask = 2147483647;
			files = (
				D6E1B3AE2729BCD400A6F2D7 /* SwiftUI.framework in Frameworks */,
				D6E1B3AC2729BCD400A6F2D7 /* WidgetKit.framework in Frameworks */,
			);
			runOnlyForDeploymentPostprocessing = 0;
		};
/* End PBXFrameworksBuildPhase section */

/* Begin PBXGroup section */
		2B1E0792272F134F00DA317B /* ViewModels */ = {
			isa = PBXGroup;
			children = (
				2B73B224272F99AD00E1CEA3 /* HistoryViewModel.swift */,
				2B1E0793272F136900DA317B /* SuffixViewModel.swift */,
			);
			path = ViewModels;
			sourceTree = "<group>";
		};
		2B1E0796272F18CF00DA317B /* Helpers */ = {
			isa = PBXGroup;
			children = (
				2BA03C92272DBC2A0057BD79 /* SegmentedView.swift */,
				2BA03C90272DB5100057BD79 /* NavigationLazyView.swift */,
			);
			path = Helpers;
			sourceTree = "<group>";
		};
		2B1E0797272F18DF00DA317B /* Builder */ = {
			isa = PBXGroup;
			children = (
				2BA03C8C272DAC260057BD79 /* ViewBuilder.swift */,
			);
			path = Builder;
			sourceTree = "<group>";
		};
		2B1E079C272F2C7800DA317B /* SuffixArray */ = {
			isa = PBXGroup;
			children = (
				2B1E079D272F2C8900DA317B /* SuffixArray.swift */,
			);
			path = SuffixArray;
			sourceTree = "<group>";
		};
		2B41AF73274422F400490A02 /* Packages */ = {
			isa = PBXGroup;
			children = (
				2B41AF74274422F400490A02 /* DI */,
			);
			name = Packages;
			sourceTree = "<group>";
		};
		2B73B221272F972C00E1CEA3 /* Cache */ = {
			isa = PBXGroup;
			children = (
				2B73B222272F973D00E1CEA3 /* WordCache.swift */,
			);
			path = Cache;
			sourceTree = "<group>";
		};
		2B73B226272F9A3400E1CEA3 /* Views */ = {
			isa = PBXGroup;
			children = (
				2BA03C8A272DAB070057BD79 /* TextInputView.swift */,
				2B1E0798272F191E00DA317B /* SuffixesView.swift */,
				2B1E079A272F1DAB00DA317B /* TriadsView.swift */,
				2BA03C8E272DAC8F0057BD79 /* DetailView.swift */,
				2B73B227272F9A5B00E1CEA3 /* HistoryView.swift */,
				2B73B229272F9B6300E1CEA3 /* RootView.swift */,
			);
			path = Views;
			sourceTree = "<group>";
		};
		2B73B22B272FA51400E1CEA3 /* Core */ = {
			isa = PBXGroup;
			children = (
				2B73B22C272FA51F00E1CEA3 /* DeepLinks.swift */,
				2B41AF772744236D00490A02 /* TextParser.swift */,
			);
			path = Core;
			sourceTree = "<group>";
		};
		2BA03C88272DAAE70057BD79 /* UI */ = {
			isa = PBXGroup;
			children = (
				2B1E0797272F18DF00DA317B /* Builder */,
				2B73B221272F972C00E1CEA3 /* Cache */,
				2B1E0796272F18CF00DA317B /* Helpers */,
				2B1E0792272F134F00DA317B /* ViewModels */,
				2B73B226272F9A3400E1CEA3 /* Views */,
			);
			path = UI;
			sourceTree = "<group>";
		};
		D6E1B38B2729A80900A6F2D7 = {
			isa = PBXGroup;
			children = (
				2B41AF73274422F400490A02 /* Packages */,
				D6E1B3962729A80A00A6F2D7 /* OTUS_Homework_5 */,
				D6E1B3AF2729BCD400A6F2D7 /* MyWidget */,
				D6E1B3AA2729BCD400A6F2D7 /* Frameworks */,
				D6E1B3952729A80A00A6F2D7 /* Products */,
			);
			sourceTree = "<group>";
		};
		D6E1B3952729A80A00A6F2D7 /* Products */ = {
			isa = PBXGroup;
			children = (
				D6E1B3942729A80A00A6F2D7 /* OTUS_Homework_5.app */,
				D6E1B3A92729BCD400A6F2D7 /* MyWidgetExtension.appex */,
			);
			name = Products;
			sourceTree = "<group>";
		};
		D6E1B3962729A80A00A6F2D7 /* OTUS_Homework_5 */ = {
			isa = PBXGroup;
			children = (
				2B73B22B272FA51400E1CEA3 /* Core */,
				2B1E079C272F2C7800DA317B /* SuffixArray */,
				2BA03C88272DAAE70057BD79 /* UI */,
				D6E1B3972729A80A00A6F2D7 /* OTUS_Homework_5App.swift */,
				D6E1B39B2729A80C00A6F2D7 /* Assets.xcassets */,
				D6E1B39D2729A80C00A6F2D7 /* Preview Content */,
			);
			path = OTUS_Homework_5;
			sourceTree = "<group>";
		};
		D6E1B39D2729A80C00A6F2D7 /* Preview Content */ = {
			isa = PBXGroup;
			children = (
				D6E1B39E2729A80C00A6F2D7 /* Preview Assets.xcassets */,
			);
			path = "Preview Content";
			sourceTree = "<group>";
		};
		D6E1B3AA2729BCD400A6F2D7 /* Frameworks */ = {
			isa = PBXGroup;
			children = (
				D6E1B3AB2729BCD400A6F2D7 /* WidgetKit.framework */,
				D6E1B3AD2729BCD400A6F2D7 /* SwiftUI.framework */,
			);
			name = Frameworks;
			sourceTree = "<group>";
		};
		D6E1B3AF2729BCD400A6F2D7 /* MyWidget */ = {
			isa = PBXGroup;
			children = (
				D6E1B3B02729BCD400A6F2D7 /* MyWidget.swift */,
				D6E1B3B22729BCD600A6F2D7 /* Assets.xcassets */,
				D6E1B3B42729BCD600A6F2D7 /* Info.plist */,
			);
			path = MyWidget;
			sourceTree = "<group>";
		};
/* End PBXGroup section */

/* Begin PBXNativeTarget section */
		D6E1B3932729A80900A6F2D7 /* OTUS_Homework_5 */ = {
			isa = PBXNativeTarget;
			buildConfigurationList = D6E1B3A22729A80C00A6F2D7 /* Build configuration list for PBXNativeTarget "OTUS_Homework_5" */;
			buildPhases = (
				D6E1B3902729A80900A6F2D7 /* Sources */,
				D6E1B3912729A80900A6F2D7 /* Frameworks */,
				D6E1B3922729A80900A6F2D7 /* Resources */,
				D6E1B3B82729BCD600A6F2D7 /* Embed App Extensions */,
			);
			buildRules = (
			);
			dependencies = (
				D6E1B3B62729BCD600A6F2D7 /* PBXTargetDependency */,
			);
			name = OTUS_Homework_5;
			packageProductDependencies = (
				2B41AF752744231400490A02 /* DI */,
				2B41AF7A274425E300490A02 /* OrderedCollections */,
			);
			productName = OTUS_Homework_5;
			productReference = D6E1B3942729A80A00A6F2D7 /* OTUS_Homework_5.app */;
			productType = "com.apple.product-type.application";
		};
		D6E1B3A82729BCD400A6F2D7 /* MyWidgetExtension */ = {
			isa = PBXNativeTarget;
			buildConfigurationList = D6E1B3BB2729BCD600A6F2D7 /* Build configuration list for PBXNativeTarget "MyWidgetExtension" */;
			buildPhases = (
				D6E1B3A52729BCD400A6F2D7 /* Sources */,
				D6E1B3A62729BCD400A6F2D7 /* Frameworks */,
				D6E1B3A72729BCD400A6F2D7 /* Resources */,
			);
			buildRules = (
			);
			dependencies = (
			);
			name = MyWidgetExtension;
			productName = MyWidgetExtension;
			productReference = D6E1B3A92729BCD400A6F2D7 /* MyWidgetExtension.appex */;
			productType = "com.apple.product-type.app-extension";
		};
/* End PBXNativeTarget section */

/* Begin PBXProject section */
		D6E1B38C2729A80900A6F2D7 /* Project object */ = {
			isa = PBXProject;
			attributes = {
				BuildIndependentTargetsInParallel = 1;
				LastSwiftUpdateCheck = 1300;
				LastUpgradeCheck = 1300;
				TargetAttributes = {
					D6E1B3932729A80900A6F2D7 = {
						CreatedOnToolsVersion = 13.0;
					};
					D6E1B3A82729BCD400A6F2D7 = {
						CreatedOnToolsVersion = 13.0;
					};
				};
			};
			buildConfigurationList = D6E1B38F2729A80900A6F2D7 /* Build configuration list for PBXProject "OTUS_Homework_5" */;
			compatibilityVersion = "Xcode 13.0";
			developmentRegion = en;
			hasScannedForEncodings = 0;
			knownRegions = (
				en,
				Base,
			);
			mainGroup = D6E1B38B2729A80900A6F2D7;
			packageReferences = (
				2B41AF79274425E300490A02 /* XCRemoteSwiftPackageReference "swift-collections" */,
			);
			productRefGroup = D6E1B3952729A80A00A6F2D7 /* Products */;
			projectDirPath = "";
			projectRoot = "";
			targets = (
				D6E1B3932729A80900A6F2D7 /* OTUS_Homework_5 */,
				D6E1B3A82729BCD400A6F2D7 /* MyWidgetExtension */,
			);
		};
/* End PBXProject section */

/* Begin PBXResourcesBuildPhase section */
		D6E1B3922729A80900A6F2D7 /* Resources */ = {
			isa = PBXResourcesBuildPhase;
			buildActionMask = 2147483647;
			files = (
				D6E1B39F2729A80C00A6F2D7 /* Preview Assets.xcassets in Resources */,
				D6E1B39C2729A80C00A6F2D7 /* Assets.xcassets in Resources */,
			);
			runOnlyForDeploymentPostprocessing = 0;
		};
		D6E1B3A72729BCD400A6F2D7 /* Resources */ = {
			isa = PBXResourcesBuildPhase;
			buildActionMask = 2147483647;
			files = (
				D6E1B3B32729BCD600A6F2D7 /* Assets.xcassets in Resources */,
			);
			runOnlyForDeploymentPostprocessing = 0;
		};
/* End PBXResourcesBuildPhase section */

/* Begin PBXSourcesBuildPhase section */
		D6E1B3902729A80900A6F2D7 /* Sources */ = {
			isa = PBXSourcesBuildPhase;
			buildActionMask = 2147483647;
			files = (
				D6E1B3982729A80A00A6F2D7 /* OTUS_Homework_5App.swift in Sources */,
				2BA03C91272DB5100057BD79 /* NavigationLazyView.swift in Sources */,
				2B1E079E272F2C8900DA317B /* SuffixArray.swift in Sources */,
				2B73B225272F99AD00E1CEA3 /* HistoryViewModel.swift in Sources */,
				2B73B22A272F9B6300E1CEA3 /* RootView.swift in Sources */,
				2B73B228272F9A5B00E1CEA3 /* HistoryView.swift in Sources */,
				2B73B22D272FA51F00E1CEA3 /* DeepLinks.swift in Sources */,
				2B1E0794272F136900DA317B /* SuffixViewModel.swift in Sources */,
				2B73B223272F973D00E1CEA3 /* WordCache.swift in Sources */,
				2BA03C8D272DAC260057BD79 /* ViewBuilder.swift in Sources */,
				2BA03C8F272DAC8F0057BD79 /* DetailView.swift in Sources */,
				2B1E0799272F191E00DA317B /* SuffixesView.swift in Sources */,
				2BA03C8B272DAB070057BD79 /* TextInputView.swift in Sources */,
				2B41AF782744236D00490A02 /* TextParser.swift in Sources */,
				2B1E079B272F1DAB00DA317B /* TriadsView.swift in Sources */,
				2BA03C93272DBC2A0057BD79 /* SegmentedView.swift in Sources */,
			);
			runOnlyForDeploymentPostprocessing = 0;
		};
		D6E1B3A52729BCD400A6F2D7 /* Sources */ = {
			isa = PBXSourcesBuildPhase;
			buildActionMask = 2147483647;
			files = (
				D6E1B3B12729BCD400A6F2D7 /* MyWidget.swift in Sources */,
				2B73B22E272FA53B00E1CEA3 /* DeepLinks.swift in Sources */,
			);
			runOnlyForDeploymentPostprocessing = 0;
		};
/* End PBXSourcesBuildPhase section */

/* Begin PBXTargetDependency section */
		D6E1B3B62729BCD600A6F2D7 /* PBXTargetDependency */ = {
			isa = PBXTargetDependency;
			target = D6E1B3A82729BCD400A6F2D7 /* MyWidgetExtension */;
			targetProxy = D6E1B3B52729BCD600A6F2D7 /* PBXContainerItemProxy */;
		};
/* End PBXTargetDependency section */

/* Begin XCBuildConfiguration section */
		D6E1B3A02729A80C00A6F2D7 /* Debug */ = {
			isa = XCBuildConfiguration;
			buildSettings = {
				ALWAYS_SEARCH_USER_PATHS = NO;
				CLANG_ANALYZER_NONNULL = YES;
				CLANG_ANALYZER_NUMBER_OBJECT_CONVERSION = YES_AGGRESSIVE;
				CLANG_CXX_LANGUAGE_STANDARD = "gnu++17";
				CLANG_CXX_LIBRARY = "libc++";
				CLANG_ENABLE_MODULES = YES;
				CLANG_ENABLE_OBJC_ARC = YES;
				CLANG_ENABLE_OBJC_WEAK = YES;
				CLANG_WARN_BLOCK_CAPTURE_AUTORELEASING = YES;
				CLANG_WARN_BOOL_CONVERSION = YES;
				CLANG_WARN_COMMA = YES;
				CLANG_WARN_CONSTANT_CONVERSION = YES;
				CLANG_WARN_DEPRECATED_OBJC_IMPLEMENTATIONS = YES;
				CLANG_WARN_DIRECT_OBJC_ISA_USAGE = YES_ERROR;
				CLANG_WARN_DOCUMENTATION_COMMENTS = YES;
				CLANG_WARN_EMPTY_BODY = YES;
				CLANG_WARN_ENUM_CONVERSION = YES;
				CLANG_WARN_INFINITE_RECURSION = YES;
				CLANG_WARN_INT_CONVERSION = YES;
				CLANG_WARN_NON_LITERAL_NULL_CONVERSION = YES;
				CLANG_WARN_OBJC_IMPLICIT_RETAIN_SELF = YES;
				CLANG_WARN_OBJC_LITERAL_CONVERSION = YES;
				CLANG_WARN_OBJC_ROOT_CLASS = YES_ERROR;
				CLANG_WARN_QUOTED_INCLUDE_IN_FRAMEWORK_HEADER = YES;
				CLANG_WARN_RANGE_LOOP_ANALYSIS = YES;
				CLANG_WARN_STRICT_PROTOTYPES = YES;
				CLANG_WARN_SUSPICIOUS_MOVE = YES;
				CLANG_WARN_UNGUARDED_AVAILABILITY = YES_AGGRESSIVE;
				CLANG_WARN_UNREACHABLE_CODE = YES;
				CLANG_WARN__DUPLICATE_METHOD_MATCH = YES;
				COPY_PHASE_STRIP = NO;
				DEBUG_INFORMATION_FORMAT = dwarf;
				ENABLE_STRICT_OBJC_MSGSEND = YES;
				ENABLE_TESTABILITY = YES;
				GCC_C_LANGUAGE_STANDARD = gnu11;
				GCC_DYNAMIC_NO_PIC = NO;
				GCC_NO_COMMON_BLOCKS = YES;
				GCC_OPTIMIZATION_LEVEL = 0;
				GCC_PREPROCESSOR_DEFINITIONS = (
					"DEBUG=1",
					"$(inherited)",
				);
				GCC_WARN_64_TO_32_BIT_CONVERSION = YES;
				GCC_WARN_ABOUT_RETURN_TYPE = YES_ERROR;
				GCC_WARN_UNDECLARED_SELECTOR = YES;
				GCC_WARN_UNINITIALIZED_AUTOS = YES_AGGRESSIVE;
				GCC_WARN_UNUSED_FUNCTION = YES;
				GCC_WARN_UNUSED_VARIABLE = YES;
				IPHONEOS_DEPLOYMENT_TARGET = 15.0;
				MTL_ENABLE_DEBUG_INFO = INCLUDE_SOURCE;
				MTL_FAST_MATH = YES;
				ONLY_ACTIVE_ARCH = YES;
				SDKROOT = iphoneos;
				SWIFT_ACTIVE_COMPILATION_CONDITIONS = DEBUG;
				SWIFT_OPTIMIZATION_LEVEL = "-Onone";
			};
			name = Debug;
		};
		D6E1B3A12729A80C00A6F2D7 /* Release */ = {
			isa = XCBuildConfiguration;
			buildSettings = {
				ALWAYS_SEARCH_USER_PATHS = NO;
				CLANG_ANALYZER_NONNULL = YES;
				CLANG_ANALYZER_NUMBER_OBJECT_CONVERSION = YES_AGGRESSIVE;
				CLANG_CXX_LANGUAGE_STANDARD = "gnu++17";
				CLANG_CXX_LIBRARY = "libc++";
				CLANG_ENABLE_MODULES = YES;
				CLANG_ENABLE_OBJC_ARC = YES;
				CLANG_ENABLE_OBJC_WEAK = YES;
				CLANG_WARN_BLOCK_CAPTURE_AUTORELEASING = YES;
				CLANG_WARN_BOOL_CONVERSION = YES;
				CLANG_WARN_COMMA = YES;
				CLANG_WARN_CONSTANT_CONVERSION = YES;
				CLANG_WARN_DEPRECATED_OBJC_IMPLEMENTATIONS = YES;
				CLANG_WARN_DIRECT_OBJC_ISA_USAGE = YES_ERROR;
				CLANG_WARN_DOCUMENTATION_COMMENTS = YES;
				CLANG_WARN_EMPTY_BODY = YES;
				CLANG_WARN_ENUM_CONVERSION = YES;
				CLANG_WARN_INFINITE_RECURSION = YES;
				CLANG_WARN_INT_CONVERSION = YES;
				CLANG_WARN_NON_LITERAL_NULL_CONVERSION = YES;
				CLANG_WARN_OBJC_IMPLICIT_RETAIN_SELF = YES;
				CLANG_WARN_OBJC_LITERAL_CONVERSION = YES;
				CLANG_WARN_OBJC_ROOT_CLASS = YES_ERROR;
				CLANG_WARN_QUOTED_INCLUDE_IN_FRAMEWORK_HEADER = YES;
				CLANG_WARN_RANGE_LOOP_ANALYSIS = YES;
				CLANG_WARN_STRICT_PROTOTYPES = YES;
				CLANG_WARN_SUSPICIOUS_MOVE = YES;
				CLANG_WARN_UNGUARDED_AVAILABILITY = YES_AGGRESSIVE;
				CLANG_WARN_UNREACHABLE_CODE = YES;
				CLANG_WARN__DUPLICATE_METHOD_MATCH = YES;
				COPY_PHASE_STRIP = NO;
				DEBUG_INFORMATION_FORMAT = "dwarf-with-dsym";
				ENABLE_NS_ASSERTIONS = NO;
				ENABLE_STRICT_OBJC_MSGSEND = YES;
				GCC_C_LANGUAGE_STANDARD = gnu11;
				GCC_NO_COMMON_BLOCKS = YES;
				GCC_WARN_64_TO_32_BIT_CONVERSION = YES;
				GCC_WARN_ABOUT_RETURN_TYPE = YES_ERROR;
				GCC_WARN_UNDECLARED_SELECTOR = YES;
				GCC_WARN_UNINITIALIZED_AUTOS = YES_AGGRESSIVE;
				GCC_WARN_UNUSED_FUNCTION = YES;
				GCC_WARN_UNUSED_VARIABLE = YES;
				IPHONEOS_DEPLOYMENT_TARGET = 15.0;
				MTL_ENABLE_DEBUG_INFO = NO;
				MTL_FAST_MATH = YES;
				SDKROOT = iphoneos;
				SWIFT_COMPILATION_MODE = wholemodule;
				SWIFT_OPTIMIZATION_LEVEL = "-O";
				VALIDATE_PRODUCT = YES;
			};
			name = Release;
		};
		D6E1B3A32729A80C00A6F2D7 /* Debug */ = {
			isa = XCBuildConfiguration;
			buildSettings = {
				ALWAYS_EMBED_SWIFT_STANDARD_LIBRARIES = YES;
				ASSETCATALOG_COMPILER_APPICON_NAME = AppIcon;
				ASSETCATALOG_COMPILER_GLOBAL_ACCENT_COLOR_NAME = AccentColor;
				CODE_SIGN_STYLE = Automatic;
				CURRENT_PROJECT_VERSION = 1;
				DEVELOPMENT_ASSET_PATHS = "\"OTUS_Homework_5/Preview Content\"";
				DEVELOPMENT_TEAM = R4G26CHU6B;
				ENABLE_PREVIEWS = YES;
				GENERATE_INFOPLIST_FILE = YES;
				INFOPLIST_KEY_UIApplicationSceneManifest_Generation = YES;
				INFOPLIST_KEY_UIApplicationSupportsIndirectInputEvents = YES;
				INFOPLIST_KEY_UILaunchScreen_Generation = YES;
				INFOPLIST_KEY_UISupportedInterfaceOrientations_iPad = "UIInterfaceOrientationPortrait UIInterfaceOrientationPortraitUpsideDown UIInterfaceOrientationLandscapeLeft UIInterfaceOrientationLandscapeRight";
				INFOPLIST_KEY_UISupportedInterfaceOrientations_iPhone = "UIInterfaceOrientationPortrait UIInterfaceOrientationLandscapeLeft UIInterfaceOrientationLandscapeRight";
				IPHONEOS_DEPLOYMENT_TARGET = 14.0;
				LD_RUNPATH_SEARCH_PATHS = (
					"$(inherited)",
					"@executable_path/Frameworks",
				);
				MARKETING_VERSION = 1.0;
				PRODUCT_BUNDLE_IDENTIFIER = "com.vvp.OTUS-Homework-5";
				PRODUCT_NAME = "$(TARGET_NAME)";
				SWIFT_EMIT_LOC_STRINGS = YES;
				SWIFT_VERSION = 5.0;
				TARGETED_DEVICE_FAMILY = "1,2";
			};
			name = Debug;
		};
		D6E1B3A42729A80C00A6F2D7 /* Release */ = {
			isa = XCBuildConfiguration;
			buildSettings = {
				ALWAYS_EMBED_SWIFT_STANDARD_LIBRARIES = YES;
				ASSETCATALOG_COMPILER_APPICON_NAME = AppIcon;
				ASSETCATALOG_COMPILER_GLOBAL_ACCENT_COLOR_NAME = AccentColor;
				CODE_SIGN_STYLE = Automatic;
				CURRENT_PROJECT_VERSION = 1;
				DEVELOPMENT_ASSET_PATHS = "\"OTUS_Homework_5/Preview Content\"";
				DEVELOPMENT_TEAM = R4G26CHU6B;
				ENABLE_PREVIEWS = YES;
				GENERATE_INFOPLIST_FILE = YES;
				INFOPLIST_KEY_UIApplicationSceneManifest_Generation = YES;
				INFOPLIST_KEY_UIApplicationSupportsIndirectInputEvents = YES;
				INFOPLIST_KEY_UILaunchScreen_Generation = YES;
				INFOPLIST_KEY_UISupportedInterfaceOrientations_iPad = "UIInterfaceOrientationPortrait UIInterfaceOrientationPortraitUpsideDown UIInterfaceOrientationLandscapeLeft UIInterfaceOrientationLandscapeRight";
				INFOPLIST_KEY_UISupportedInterfaceOrientations_iPhone = "UIInterfaceOrientationPortrait UIInterfaceOrientationLandscapeLeft UIInterfaceOrientationLandscapeRight";
				IPHONEOS_DEPLOYMENT_TARGET = 14.0;
				LD_RUNPATH_SEARCH_PATHS = (
					"$(inherited)",
					"@executable_path/Frameworks",
				);
				MARKETING_VERSION = 1.0;
				PRODUCT_BUNDLE_IDENTIFIER = "com.vvp.OTUS-Homework-5";
				PRODUCT_NAME = "$(TARGET_NAME)";
				SWIFT_EMIT_LOC_STRINGS = YES;
				SWIFT_VERSION = 5.0;
				TARGETED_DEVICE_FAMILY = "1,2";
			};
			name = Release;
		};
		D6E1B3B92729BCD600A6F2D7 /* Debug */ = {
			isa = XCBuildConfiguration;
			buildSettings = {
				ASSETCATALOG_COMPILER_GLOBAL_ACCENT_COLOR_NAME = AccentColor;
				ASSETCATALOG_COMPILER_WIDGET_BACKGROUND_COLOR_NAME = WidgetBackground;
				CODE_SIGN_STYLE = Automatic;
				CURRENT_PROJECT_VERSION = 1;
				DEVELOPMENT_TEAM = R4G26CHU6B;
				GENERATE_INFOPLIST_FILE = YES;
				INFOPLIST_FILE = MyWidget/Info.plist;
				INFOPLIST_KEY_CFBundleDisplayName = MyWidget;
				INFOPLIST_KEY_NSHumanReadableCopyright = "";
				LD_RUNPATH_SEARCH_PATHS = (
					"$(inherited)",
					"@executable_path/Frameworks",
					"@executable_path/../../Frameworks",
				);
				MARKETING_VERSION = 1.0;
				PRODUCT_BUNDLE_IDENTIFIER = "com.vvp.OTUS-Homework-5.MyWidget";
				PRODUCT_NAME = "$(TARGET_NAME)";
				SKIP_INSTALL = YES;
				SWIFT_EMIT_LOC_STRINGS = YES;
				SWIFT_VERSION = 5.0;
				TARGETED_DEVICE_FAMILY = "1,2";
			};
			name = Debug;
		};
		D6E1B3BA2729BCD600A6F2D7 /* Release */ = {
			isa = XCBuildConfiguration;
			buildSettings = {
				ASSETCATALOG_COMPILER_GLOBAL_ACCENT_COLOR_NAME = AccentColor;
				ASSETCATALOG_COMPILER_WIDGET_BACKGROUND_COLOR_NAME = WidgetBackground;
				CODE_SIGN_STYLE = Automatic;
				CURRENT_PROJECT_VERSION = 1;
				DEVELOPMENT_TEAM = R4G26CHU6B;
				GENERATE_INFOPLIST_FILE = YES;
				INFOPLIST_FILE = MyWidget/Info.plist;
				INFOPLIST_KEY_CFBundleDisplayName = MyWidget;
				INFOPLIST_KEY_NSHumanReadableCopyright = "";
				LD_RUNPATH_SEARCH_PATHS = (
					"$(inherited)",
					"@executable_path/Frameworks",
					"@executable_path/../../Frameworks",
				);
				MARKETING_VERSION = 1.0;
				PRODUCT_BUNDLE_IDENTIFIER = "com.vvp.OTUS-Homework-5.MyWidget";
				PRODUCT_NAME = "$(TARGET_NAME)";
				SKIP_INSTALL = YES;
				SWIFT_EMIT_LOC_STRINGS = YES;
				SWIFT_VERSION = 5.0;
				TARGETED_DEVICE_FAMILY = "1,2";
			};
			name = Release;
		};
/* End XCBuildConfiguration section */

/* Begin XCConfigurationList section */
		D6E1B38F2729A80900A6F2D7 /* Build configuration list for PBXProject "OTUS_Homework_5" */ = {
			isa = XCConfigurationList;
			buildConfigurations = (
				D6E1B3A02729A80C00A6F2D7 /* Debug */,
				D6E1B3A12729A80C00A6F2D7 /* Release */,
			);
			defaultConfigurationIsVisible = 0;
			defaultConfigurationName = Release;
		};
		D6E1B3A22729A80C00A6F2D7 /* Build configuration list for PBXNativeTarget "OTUS_Homework_5" */ = {
			isa = XCConfigurationList;
			buildConfigurations = (
				D6E1B3A32729A80C00A6F2D7 /* Debug */,
				D6E1B3A42729A80C00A6F2D7 /* Release */,
			);
			defaultConfigurationIsVisible = 0;
			defaultConfigurationName = Release;
		};
		D6E1B3BB2729BCD600A6F2D7 /* Build configuration list for PBXNativeTarget "MyWidgetExtension" */ = {
			isa = XCConfigurationList;
			buildConfigurations = (
				D6E1B3B92729BCD600A6F2D7 /* Debug */,
				D6E1B3BA2729BCD600A6F2D7 /* Release */,
			);
			defaultConfigurationIsVisible = 0;
			defaultConfigurationName = Release;
		};
/* End XCConfigurationList section */

/* Begin XCRemoteSwiftPackageReference section */
		2B41AF79274425E300490A02 /* XCRemoteSwiftPackageReference "swift-collections" */ = {
			isa = XCRemoteSwiftPackageReference;
			repositoryURL = "https://github.com/apple/swift-collections.git";
			requirement = {
				kind = upToNextMajorVersion;
				minimumVersion = 1.0.0;
			};
		};
/* End XCRemoteSwiftPackageReference section */

/* Begin XCSwiftPackageProductDependency section */
		2B41AF752744231400490A02 /* DI */ = {
			isa = XCSwiftPackageProductDependency;
			productName = DI;
		};
		2B41AF7A274425E300490A02 /* OrderedCollections */ = {
			isa = XCSwiftPackageProductDependency;
			package = 2B41AF79274425E300490A02 /* XCRemoteSwiftPackageReference "swift-collections" */;
			productName = OrderedCollections;
		};
/* End XCSwiftPackageProductDependency section */
	};
	rootObject = D6E1B38C2729A80900A6F2D7 /* Project object */;
}
